// !$*UTF8*$!
{
	archiveVersion = 1;
	classes = {
	};
	objectVersion = 56;
	objects = {

/* Begin PBXBuildFile section */
		5CC2F3DA2C158F920044E7CE /* _0_MoonshotApp.swift in Sources */ = {isa = PBXBuildFile; fileRef = 5CC2F3D92C158F920044E7CE /* _0_MoonshotApp.swift */; };
		5CC2F3DC2C158F920044E7CE /* ContentView.swift in Sources */ = {isa = PBXBuildFile; fileRef = 5CC2F3DB2C158F920044E7CE /* ContentView.swift */; };
		5CC2F3DE2C158F940044E7CE /* Assets.xcassets in Resources */ = {isa = PBXBuildFile; fileRef = 5CC2F3DD2C158F940044E7CE /* Assets.xcassets */; };
		5CC2F3E12C158F940044E7CE /* Preview Assets.xcassets in Resources */ = {isa = PBXBuildFile; fileRef = 5CC2F3E02C158F940044E7CE /* Preview Assets.xcassets */; };
		5CC2F3EB2C158F940044E7CE /* _0_MoonshotTests.swift in Sources */ = {isa = PBXBuildFile; fileRef = 5CC2F3EA2C158F940044E7CE /* _0_MoonshotTests.swift */; };
		5CC2F3F52C158F940044E7CE /* _0_MoonshotUITests.swift in Sources */ = {isa = PBXBuildFile; fileRef = 5CC2F3F42C158F940044E7CE /* _0_MoonshotUITests.swift */; };
		5CC2F3F72C158F940044E7CE /* _0_MoonshotUITestsLaunchTests.swift in Sources */ = {isa = PBXBuildFile; fileRef = 5CC2F3F62C158F940044E7CE /* _0_MoonshotUITestsLaunchTests.swift */; };
/* End PBXBuildFile section */

/* Begin PBXContainerItemProxy section */
		5CC2F3E72C158F940044E7CE /* PBXContainerItemProxy */ = {
			isa = PBXContainerItemProxy;
			containerPortal = 5CC2F3CE2C158F920044E7CE /* Project object */;
			proxyType = 1;
			remoteGlobalIDString = 5CC2F3D52C158F920044E7CE;
			remoteInfo = "10-Moonshot";
		};
		5CC2F3F12C158F940044E7CE /* PBXContainerItemProxy */ = {
			isa = PBXContainerItemProxy;
			containerPortal = 5CC2F3CE2C158F920044E7CE /* Project object */;
			proxyType = 1;
			remoteGlobalIDString = 5CC2F3D52C158F920044E7CE;
			remoteInfo = "10-Moonshot";
		};
/* End PBXContainerItemProxy section */

/* Begin PBXFileReference section */
		5CC2F3D62C158F920044E7CE /* 10-Moonshot.app */ = {isa = PBXFileReference; explicitFileType = wrapper.application; includeInIndex = 0; path = "10-Moonshot.app"; sourceTree = BUILT_PRODUCTS_DIR; };
		5CC2F3D92C158F920044E7CE /* _0_MoonshotApp.swift */ = {isa = PBXFileReference; lastKnownFileType = sourcecode.swift; path = _0_MoonshotApp.swift; sourceTree = "<group>"; };
		5CC2F3DB2C158F920044E7CE /* ContentView.swift */ = {isa = PBXFileReference; lastKnownFileType = sourcecode.swift; path = ContentView.swift; sourceTree = "<group>"; };
		5CC2F3DD2C158F940044E7CE /* Assets.xcassets */ = {isa = PBXFileReference; lastKnownFileType = folder.assetcatalog; path = Assets.xcassets; sourceTree = "<group>"; };
		5CC2F3E02C158F940044E7CE /* Preview Assets.xcassets */ = {isa = PBXFileReference; lastKnownFileType = folder.assetcatalog; path = "Preview Assets.xcassets"; sourceTree = "<group>"; };
		5CC2F3E62C158F940044E7CE /* 10-MoonshotTests.xctest */ = {isa = PBXFileReference; explicitFileType = wrapper.cfbundle; includeInIndex = 0; path = "10-MoonshotTests.xctest"; sourceTree = BUILT_PRODUCTS_DIR; };
		5CC2F3EA2C158F940044E7CE /* _0_MoonshotTests.swift */ = {isa = PBXFileReference; lastKnownFileType = sourcecode.swift; path = _0_MoonshotTests.swift; sourceTree = "<group>"; };
		5CC2F3F02C158F940044E7CE /* 10-MoonshotUITests.xctest */ = {isa = PBXFileReference; explicitFileType = wrapper.cfbundle; includeInIndex = 0; path = "10-MoonshotUITests.xctest"; sourceTree = BUILT_PRODUCTS_DIR; };
		5CC2F3F42C158F940044E7CE /* _0_MoonshotUITests.swift */ = {isa = PBXFileReference; lastKnownFileType = sourcecode.swift; path = _0_MoonshotUITests.swift; sourceTree = "<group>"; };
		5CC2F3F62C158F940044E7CE /* _0_MoonshotUITestsLaunchTests.swift */ = {isa = PBXFileReference; lastKnownFileType = sourcecode.swift; path = _0_MoonshotUITestsLaunchTests.swift; sourceTree = "<group>"; };
/* End PBXFileReference section */

/* Begin PBXFrameworksBuildPhase section */
		5CC2F3D32C158F920044E7CE /* Frameworks */ = {
			isa = PBXFrameworksBuildPhase;
			buildActionMask = 2147483647;
			files = (
			);
			runOnlyForDeploymentPostprocessing = 0;
		};
		5CC2F3E32C158F940044E7CE /* Frameworks */ = {
			isa = PBXFrameworksBuildPhase;
			buildActionMask = 2147483647;
			files = (
			);
			runOnlyForDeploymentPostprocessing = 0;
		};
		5CC2F3ED2C158F940044E7CE /* Frameworks */ = {
			isa = PBXFrameworksBuildPhase;
			buildActionMask = 2147483647;
			files = (
			);
			runOnlyForDeploymentPostprocessing = 0;
		};
/* End PBXFrameworksBuildPhase section */

/* Begin PBXGroup section */
		5CC2F3CD2C158F920044E7CE = {
			isa = PBXGroup;
			children = (
				5CC2F3D82C158F920044E7CE /* 10-Moonshot */,
				5CC2F3E92C158F940044E7CE /* 10-MoonshotTests */,
				5CC2F3F32C158F940044E7CE /* 10-MoonshotUITests */,
				5CC2F3D72C158F920044E7CE /* Products */,
			);
			sourceTree = "<group>";
		};
		5CC2F3D72C158F920044E7CE /* Products */ = {
			isa = PBXGroup;
			children = (
				5CC2F3D62C158F920044E7CE /* 10-Moonshot.app */,
				5CC2F3E62C158F940044E7CE /* 10-MoonshotTests.xctest */,
				5CC2F3F02C158F940044E7CE /* 10-MoonshotUITests.xctest */,
			);
			name = Products;
			sourceTree = "<group>";
		};
		5CC2F3D82C158F920044E7CE /* 10-Moonshot */ = {
			isa = PBXGroup;
			children = (
				5CC2F3D92C158F920044E7CE /* _0_MoonshotApp.swift */,
				5CC2F3DB2C158F920044E7CE /* ContentView.swift */,
				5CC2F3DD2C158F940044E7CE /* Assets.xcassets */,
				5CC2F3DF2C158F940044E7CE /* Preview Content */,
			);
			path = "10-Moonshot";
			sourceTree = "<group>";
		};
		5CC2F3DF2C158F940044E7CE /* Preview Content */ = {
			isa = PBXGroup;
			children = (
				5CC2F3E02C158F940044E7CE /* Preview Assets.xcassets */,
			);
			path = "Preview Content";
			sourceTree = "<group>";
		};
		5CC2F3E92C158F940044E7CE /* 10-MoonshotTests */ = {
			isa = PBXGroup;
			children = (
				5CC2F3EA2C158F940044E7CE /* _0_MoonshotTests.swift */,
			);
			path = "10-MoonshotTests";
			sourceTree = "<group>";
		};
		5CC2F3F32C158F940044E7CE /* 10-MoonshotUITests */ = {
			isa = PBXGroup;
			children = (
				5CC2F3F42C158F940044E7CE /* _0_MoonshotUITests.swift */,
				5CC2F3F62C158F940044E7CE /* _0_MoonshotUITestsLaunchTests.swift */,
			);
			path = "10-MoonshotUITests";
			sourceTree = "<group>";
		};
/* End PBXGroup section */

/* Begin PBXNativeTarget section */
		5CC2F3D52C158F920044E7CE /* 10-Moonshot */ = {
			isa = PBXNativeTarget;
			buildConfigurationList = 5CC2F3FA2C158F940044E7CE /* Build configuration list for PBXNativeTarget "10-Moonshot" */;
			buildPhases = (
				5CC2F3D22C158F920044E7CE /* Sources */,
				5CC2F3D32C158F920044E7CE /* Frameworks */,
				5CC2F3D42C158F920044E7CE /* Resources */,
			);
			buildRules = (
			);
			dependencies = (
			);
			name = "10-Moonshot";
			productName = "10-Moonshot";
			productReference = 5CC2F3D62C158F920044E7CE /* 10-Moonshot.app */;
			productType = "com.apple.product-type.application";
		};
		5CC2F3E52C158F940044E7CE /* 10-MoonshotTests */ = {
			isa = PBXNativeTarget;
			buildConfigurationList = 5CC2F3FD2C158F940044E7CE /* Build configuration list for PBXNativeTarget "10-MoonshotTests" */;
			buildPhases = (
				5CC2F3E22C158F940044E7CE /* Sources */,
				5CC2F3E32C158F940044E7CE /* Frameworks */,
				5CC2F3E42C158F940044E7CE /* Resources */,
			);
			buildRules = (
			);
			dependencies = (
				5CC2F3E82C158F940044E7CE /* PBXTargetDependency */,
			);
			name = "10-MoonshotTests";
			productName = "10-MoonshotTests";
			productReference = 5CC2F3E62C158F940044E7CE /* 10-MoonshotTests.xctest */;
			productType = "com.apple.product-type.bundle.unit-test";
		};
		5CC2F3EF2C158F940044E7CE /* 10-MoonshotUITests */ = {
			isa = PBXNativeTarget;
			buildConfigurationList = 5CC2F4002C158F940044E7CE /* Build configuration list for PBXNativeTarget "10-MoonshotUITests" */;
			buildPhases = (
				5CC2F3EC2C158F940044E7CE /* Sources */,
				5CC2F3ED2C158F940044E7CE /* Frameworks */,
				5CC2F3EE2C158F940044E7CE /* Resources */,
			);
			buildRules = (
			);
			dependencies = (
				5CC2F3F22C158F940044E7CE /* PBXTargetDependency */,
			);
			name = "10-MoonshotUITests";
			productName = "10-MoonshotUITests";
			productReference = 5CC2F3F02C158F940044E7CE /* 10-MoonshotUITests.xctest */;
			productType = "com.apple.product-type.bundle.ui-testing";
		};
/* End PBXNativeTarget section */

/* Begin PBXProject section */
		5CC2F3CE2C158F920044E7CE /* Project object */ = {
			isa = PBXProject;
			attributes = {
				BuildIndependentTargetsInParallel = 1;
				LastSwiftUpdateCheck = 1520;
				LastUpgradeCheck = 1520;
				TargetAttributes = {
					5CC2F3D52C158F920044E7CE = {
						CreatedOnToolsVersion = 15.2;
					};
					5CC2F3E52C158F940044E7CE = {
						CreatedOnToolsVersion = 15.2;
						TestTargetID = 5CC2F3D52C158F920044E7CE;
					};
					5CC2F3EF2C158F940044E7CE = {
						CreatedOnToolsVersion = 15.2;
						TestTargetID = 5CC2F3D52C158F920044E7CE;
					};
				};
			};
			buildConfigurationList = 5CC2F3D12C158F920044E7CE /* Build configuration list for PBXProject "10-Moonshot" */;
			compatibilityVersion = "Xcode 14.0";
			developmentRegion = en;
			hasScannedForEncodings = 0;
			knownRegions = (
				en,
				Base,
			);
			mainGroup = 5CC2F3CD2C158F920044E7CE;
			productRefGroup = 5CC2F3D72C158F920044E7CE /* Products */;
			projectDirPath = "";
			projectRoot = "";
			targets = (
				5CC2F3D52C158F920044E7CE /* 10-Moonshot */,
				5CC2F3E52C158F940044E7CE /* 10-MoonshotTests */,
				5CC2F3EF2C158F940044E7CE /* 10-MoonshotUITests */,
			);
		};
/* End PBXProject section */

/* Begin PBXResourcesBuildPhase section */
		5CC2F3D42C158F920044E7CE /* Resources */ = {
			isa = PBXResourcesBuildPhase;
			buildActionMask = 2147483647;
			files = (
				5CC2F3E12C158F940044E7CE /* Preview Assets.xcassets in Resources */,
				5CC2F3DE2C158F940044E7CE /* Assets.xcassets in Resources */,
			);
			runOnlyForDeploymentPostprocessing = 0;
		};
		5CC2F3E42C158F940044E7CE /* Resources */ = {
			isa = PBXResourcesBuildPhase;
			buildActionMask = 2147483647;
			files = (
			);
			runOnlyForDeploymentPostprocessing = 0;
		};
		5CC2F3EE2C158F940044E7CE /* Resources */ = {
			isa = PBXResourcesBuildPhase;
			buildActionMask = 2147483647;
			files = (
			);
			runOnlyForDeploymentPostprocessing = 0;
		};
/* End PBXResourcesBuildPhase section */

/* Begin PBXSourcesBuildPhase section */
		5CC2F3D22C158F920044E7CE /* Sources */ = {
			isa = PBXSourcesBuildPhase;
			buildActionMask = 2147483647;
			files = (
				5CC2F3DC2C158F920044E7CE /* ContentView.swift in Sources */,
				5CC2F3DA2C158F920044E7CE /* _0_MoonshotApp.swift in Sources */,
			);
			runOnlyForDeploymentPostprocessing = 0;
		};
		5CC2F3E22C158F940044E7CE /* Sources */ = {
			isa = PBXSourcesBuildPhase;
			buildActionMask = 2147483647;
			files = (
				5CC2F3EB2C158F940044E7CE /* _0_MoonshotTests.swift in Sources */,
			);
			runOnlyForDeploymentPostprocessing = 0;
		};
		5CC2F3EC2C158F940044E7CE /* Sources */ = {
			isa = PBXSourcesBuildPhase;
			buildActionMask = 2147483647;
			files = (
				5CC2F3F72C158F940044E7CE /* _0_MoonshotUITestsLaunchTests.swift in Sources */,
				5CC2F3F52C158F940044E7CE /* _0_MoonshotUITests.swift in Sources */,
			);
			runOnlyForDeploymentPostprocessing = 0;
		};
/* End PBXSourcesBuildPhase section */

/* Begin PBXTargetDependency section */
		5CC2F3E82C158F940044E7CE /* PBXTargetDependency */ = {
			isa = PBXTargetDependency;
			target = 5CC2F3D52C158F920044E7CE /* 10-Moonshot */;
			targetProxy = 5CC2F3E72C158F940044E7CE /* PBXContainerItemProxy */;
		};
		5CC2F3F22C158F940044E7CE /* PBXTargetDependency */ = {
			isa = PBXTargetDependency;
			target = 5CC2F3D52C158F920044E7CE /* 10-Moonshot */;
			targetProxy = 5CC2F3F12C158F940044E7CE /* PBXContainerItemProxy */;
		};
/* End PBXTargetDependency section */

/* Begin XCBuildConfiguration section */
		5CC2F3F82C158F940044E7CE /* Debug */ = {
			isa = XCBuildConfiguration;
			buildSettings = {
				ALWAYS_SEARCH_USER_PATHS = NO;
				ASSETCATALOG_COMPILER_GENERATE_SWIFT_ASSET_SYMBOL_EXTENSIONS = YES;
				CLANG_ANALYZER_NONNULL = YES;
				CLANG_ANALYZER_NUMBER_OBJECT_CONVERSION = YES_AGGRESSIVE;
				CLANG_CXX_LANGUAGE_STANDARD = "gnu++20";
				CLANG_ENABLE_MODULES = YES;
				CLANG_ENABLE_OBJC_ARC = YES;
				CLANG_ENABLE_OBJC_WEAK = YES;
				CLANG_WARN_BLOCK_CAPTURE_AUTORELEASING = YES;
				CLANG_WARN_BOOL_CONVERSION = YES;
				CLANG_WARN_COMMA = YES;
				CLANG_WARN_CONSTANT_CONVERSION = YES;
				CLANG_WARN_DEPRECATED_OBJC_IMPLEMENTATIONS = YES;
				CLANG_WARN_DIRECT_OBJC_ISA_USAGE = YES_ERROR;
				CLANG_WARN_DOCUMENTATION_COMMENTS = YES;
				CLANG_WARN_EMPTY_BODY = YES;
				CLANG_WARN_ENUM_CONVERSION = YES;
				CLANG_WARN_INFINITE_RECURSION = YES;
				CLANG_WARN_INT_CONVERSION = YES;
				CLANG_WARN_NON_LITERAL_NULL_CONVERSION = YES;
				CLANG_WARN_OBJC_IMPLICIT_RETAIN_SELF = YES;
				CLANG_WARN_OBJC_LITERAL_CONVERSION = YES;
				CLANG_WARN_OBJC_ROOT_CLASS = YES_ERROR;
				CLANG_WARN_QUOTED_INCLUDE_IN_FRAMEWORK_HEADER = YES;
				CLANG_WARN_RANGE_LOOP_ANALYSIS = YES;
				CLANG_WARN_STRICT_PROTOTYPES = YES;
				CLANG_WARN_SUSPICIOUS_MOVE = YES;
				CLANG_WARN_UNGUARDED_AVAILABILITY = YES_AGGRESSIVE;
				CLANG_WARN_UNREACHABLE_CODE = YES;
				CLANG_WARN__DUPLICATE_METHOD_MATCH = YES;
				COPY_PHASE_STRIP = NO;
				DEBUG_INFORMATION_FORMAT = dwarf;
				ENABLE_STRICT_OBJC_MSGSEND = YES;
				ENABLE_TESTABILITY = YES;
				ENABLE_USER_SCRIPT_SANDBOXING = YES;
				GCC_C_LANGUAGE_STANDARD = gnu17;
				GCC_DYNAMIC_NO_PIC = NO;
				GCC_NO_COMMON_BLOCKS = YES;
				GCC_OPTIMIZATION_LEVEL = 0;
				GCC_PREPROCESSOR_DEFINITIONS = (
					"DEBUG=1",
					"$(inherited)",
				);
				GCC_WARN_64_TO_32_BIT_CONVERSION = YES;
				GCC_WARN_ABOUT_RETURN_TYPE = YES_ERROR;
				GCC_WARN_UNDECLARED_SELECTOR = YES;
				GCC_WARN_UNINITIALIZED_AUTOS = YES_AGGRESSIVE;
				GCC_WARN_UNUSED_FUNCTION = YES;
				GCC_WARN_UNUSED_VARIABLE = YES;
				IPHONEOS_DEPLOYMENT_TARGET = 17.2;
				LOCALIZATION_PREFERS_STRING_CATALOGS = YES;
				MTL_ENABLE_DEBUG_INFO = INCLUDE_SOURCE;
				MTL_FAST_MATH = YES;
				ONLY_ACTIVE_ARCH = YES;
				SDKROOT = iphoneos;
				SWIFT_ACTIVE_COMPILATION_CONDITIONS = "DEBUG $(inherited)";
				SWIFT_OPTIMIZATION_LEVEL = "-Onone";
			};
			name = Debug;
		};
		5CC2F3F92C158F940044E7CE /* Release */ = {
			isa = XCBuildConfiguration;
			buildSettings = {
				ALWAYS_SEARCH_USER_PATHS = NO;
				ASSETCATALOG_COMPILER_GENERATE_SWIFT_ASSET_SYMBOL_EXTENSIONS = YES;
				CLANG_ANALYZER_NONNULL = YES;
				CLANG_ANALYZER_NUMBER_OBJECT_CONVERSION = YES_AGGRESSIVE;
				CLANG_CXX_LANGUAGE_STANDARD = "gnu++20";
				CLANG_ENABLE_MODULES = YES;
				CLANG_ENABLE_OBJC_ARC = YES;
				CLANG_ENABLE_OBJC_WEAK = YES;
				CLANG_WARN_BLOCK_CAPTURE_AUTORELEASING = YES;
				CLANG_WARN_BOOL_CONVERSION = YES;
				CLANG_WARN_COMMA = YES;
				CLANG_WARN_CONSTANT_CONVERSION = YES;
				CLANG_WARN_DEPRECATED_OBJC_IMPLEMENTATIONS = YES;
				CLANG_WARN_DIRECT_OBJC_ISA_USAGE = YES_ERROR;
				CLANG_WARN_DOCUMENTATION_COMMENTS = YES;
				CLANG_WARN_EMPTY_BODY = YES;
				CLANG_WARN_ENUM_CONVERSION = YES;
				CLANG_WARN_INFINITE_RECURSION = YES;
				CLANG_WARN_INT_CONVERSION = YES;
				CLANG_WARN_NON_LITERAL_NULL_CONVERSION = YES;
				CLANG_WARN_OBJC_IMPLICIT_RETAIN_SELF = YES;
				CLANG_WARN_OBJC_LITERAL_CONVERSION = YES;
				CLANG_WARN_OBJC_ROOT_CLASS = YES_ERROR;
				CLANG_WARN_QUOTED_INCLUDE_IN_FRAMEWORK_HEADER = YES;
				CLANG_WARN_RANGE_LOOP_ANALYSIS = YES;
				CLANG_WARN_STRICT_PROTOTYPES = YES;
				CLANG_WARN_SUSPICIOUS_MOVE = YES;
				CLANG_WARN_UNGUARDED_AVAILABILITY = YES_AGGRESSIVE;
				CLANG_WARN_UNREACHABLE_CODE = YES;
				CLANG_WARN__DUPLICATE_METHOD_MATCH = YES;
				COPY_PHASE_STRIP = NO;
				DEBUG_INFORMATION_FORMAT = "dwarf-with-dsym";
				ENABLE_NS_ASSERTIONS = NO;
				ENABLE_STRICT_OBJC_MSGSEND = YES;
				ENABLE_USER_SCRIPT_SANDBOXING = YES;
				GCC_C_LANGUAGE_STANDARD = gnu17;
				GCC_NO_COMMON_BLOCKS = YES;
				GCC_WARN_64_TO_32_BIT_CONVERSION = YES;
				GCC_WARN_ABOUT_RETURN_TYPE = YES_ERROR;
				GCC_WARN_UNDECLARED_SELECTOR = YES;
				GCC_WARN_UNINITIALIZED_AUTOS = YES_AGGRESSIVE;
				GCC_WARN_UNUSED_FUNCTION = YES;
				GCC_WARN_UNUSED_VARIABLE = YES;
				IPHONEOS_DEPLOYMENT_TARGET = 17.2;
				LOCALIZATION_PREFERS_STRING_CATALOGS = YES;
				MTL_ENABLE_DEBUG_INFO = NO;
				MTL_FAST_MATH = YES;
				SDKROOT = iphoneos;
				SWIFT_COMPILATION_MODE = wholemodule;
				VALIDATE_PRODUCT = YES;
			};
			name = Release;
		};
		5CC2F3FB2C158F940044E7CE /* Debug */ = {
			isa = XCBuildConfiguration;
			buildSettings = {
				ASSETCATALOG_COMPILER_APPICON_NAME = AppIcon;
				ASSETCATALOG_COMPILER_GLOBAL_ACCENT_COLOR_NAME = AccentColor;
				CODE_SIGN_STYLE = Automatic;
				CURRENT_PROJECT_VERSION = 1;
				DEVELOPMENT_ASSET_PATHS = "\"10-Moonshot/Preview Content\"";
				ENABLE_PREVIEWS = YES;
				GENERATE_INFOPLIST_FILE = YES;
				INFOPLIST_KEY_UIApplicationSceneManifest_Generation = YES;
				INFOPLIST_KEY_UIApplicationSupportsIndirectInputEvents = YES;
				INFOPLIST_KEY_UILaunchScreen_Generation = YES;
				INFOPLIST_KEY_UISupportedInterfaceOrientations_iPad = "UIInterfaceOrientationPortrait UIInterfaceOrientationPortraitUpsideDown UIInterfaceOrientationLandscapeLeft UIInterfaceOrientationLandscapeRight";
				INFOPLIST_KEY_UISupportedInterfaceOrientations_iPhone = "UIInterfaceOrientationPortrait UIInterfaceOrientationLandscapeLeft UIInterfaceOrientationLandscapeRight";
				LD_RUNPATH_SEARCH_PATHS = (
					"$(inherited)",
					"@executable_path/Frameworks",
				);
				MARKETING_VERSION = 1.0;
				PRODUCT_BUNDLE_IDENTIFIER = "com.aaravsna.-0-Moonshot";
				PRODUCT_NAME = "$(TARGET_NAME)";
				SWIFT_EMIT_LOC_STRINGS = YES;
				SWIFT_VERSION = 5.0;
				TARGETED_DEVICE_FAMILY = "1,2";
			};
			name = Debug;
		};
		5CC2F3FC2C158F940044E7CE /* Release */ = {
			isa = XCBuildConfiguration;
			buildSettings = {
				ASSETCATALOG_COMPILER_APPICON_NAME = AppIcon;
				ASSETCATALOG_COMPILER_GLOBAL_ACCENT_COLOR_NAME = AccentColor;
				CODE_SIGN_STYLE = Automatic;
				CURRENT_PROJECT_VERSION = 1;
				DEVELOPMENT_ASSET_PATHS = "\"10-Moonshot/Preview Content\"";
				ENABLE_PREVIEWS = YES;
				GENERATE_INFOPLIST_FILE = YES;
				INFOPLIST_KEY_UIApplicationSceneManifest_Generation = YES;
				INFOPLIST_KEY_UIApplicationSupportsIndirectInputEvents = YES;
				INFOPLIST_KEY_UILaunchScreen_Generation = YES;
				INFOPLIST_KEY_UISupportedInterfaceOrientations_iPad = "UIInterfaceOrientationPortrait UIInterfaceOrientationPortraitUpsideDown UIInterfaceOrientationLandscapeLeft UIInterfaceOrientationLandscapeRight";
				INFOPLIST_KEY_UISupportedInterfaceOrientations_iPhone = "UIInterfaceOrientationPortrait UIInterfaceOrientationLandscapeLeft UIInterfaceOrientationLandscapeRight";
				LD_RUNPATH_SEARCH_PATHS = (
					"$(inherited)",
					"@executable_path/Frameworks",
				);
				MARKETING_VERSION = 1.0;
				PRODUCT_BUNDLE_IDENTIFIER = "com.aaravsna.-0-Moonshot";
				PRODUCT_NAME = "$(TARGET_NAME)";
				SWIFT_EMIT_LOC_STRINGS = YES;
				SWIFT_VERSION = 5.0;
				TARGETED_DEVICE_FAMILY = "1,2";
			};
			name = Release;
		};
		5CC2F3FE2C158F940044E7CE /* Debug */ = {
			isa = XCBuildConfiguration;
			buildSettings = {
				ALWAYS_EMBED_SWIFT_STANDARD_LIBRARIES = YES;
				BUNDLE_LOADER = "$(TEST_HOST)";
				CODE_SIGN_STYLE = Automatic;
				CURRENT_PROJECT_VERSION = 1;
				GENERATE_INFOPLIST_FILE = YES;
				IPHONEOS_DEPLOYMENT_TARGET = 17.2;
				MARKETING_VERSION = 1.0;
				PRODUCT_BUNDLE_IDENTIFIER = "com.aaravsna.-0-MoonshotTests";
				PRODUCT_NAME = "$(TARGET_NAME)";
				SWIFT_EMIT_LOC_STRINGS = NO;
				SWIFT_VERSION = 5.0;
				TARGETED_DEVICE_FAMILY = "1,2";
				TEST_HOST = "$(BUILT_PRODUCTS_DIR)/10-Moonshot.app/$(BUNDLE_EXECUTABLE_FOLDER_PATH)/10-Moonshot";
			};
			name = Debug;
		};
		5CC2F3FF2C158F940044E7CE /* Release */ = {
			isa = XCBuildConfiguration;
			buildSettings = {
				ALWAYS_EMBED_SWIFT_STANDARD_LIBRARIES = YES;
				BUNDLE_LOADER = "$(TEST_HOST)";
				CODE_SIGN_STYLE = Automatic;
				CURRENT_PROJECT_VERSION = 1;
				GENERATE_INFOPLIST_FILE = YES;
				IPHONEOS_DEPLOYMENT_TARGET = 17.2;
				MARKETING_VERSION = 1.0;
				PRODUCT_BUNDLE_IDENTIFIER = "com.aaravsna.-0-MoonshotTests";
				PRODUCT_NAME = "$(TARGET_NAME)";
				SWIFT_EMIT_LOC_STRINGS = NO;
				SWIFT_VERSION = 5.0;
				TARGETED_DEVICE_FAMILY = "1,2";
				TEST_HOST = "$(BUILT_PRODUCTS_DIR)/10-Moonshot.app/$(BUNDLE_EXECUTABLE_FOLDER_PATH)/10-Moonshot";
			};
			name = Release;
		};
		5CC2F4012C158F940044E7CE /* Debug */ = {
			isa = XCBuildConfiguration;
			buildSettings = {
				ALWAYS_EMBED_SWIFT_STANDARD_LIBRARIES = YES;
				CODE_SIGN_STYLE = Automatic;
				CURRENT_PROJECT_VERSION = 1;
				GENERATE_INFOPLIST_FILE = YES;
				MARKETING_VERSION = 1.0;
				PRODUCT_BUNDLE_IDENTIFIER = "com.aaravsna.-0-MoonshotUITests";
				PRODUCT_NAME = "$(TARGET_NAME)";
				SWIFT_EMIT_LOC_STRINGS = NO;
				SWIFT_VERSION = 5.0;
				TARGETED_DEVICE_FAMILY = "1,2";
				TEST_TARGET_NAME = "10-Moonshot";
			};
			name = Debug;
		};
		5CC2F4022C158F940044E7CE /* Release */ = {
			isa = XCBuildConfiguration;
			buildSettings = {
				ALWAYS_EMBED_SWIFT_STANDARD_LIBRARIES = YES;
				CODE_SIGN_STYLE = Automatic;
				CURRENT_PROJECT_VERSION = 1;
				GENERATE_INFOPLIST_FILE = YES;
				MARKETING_VERSION = 1.0;
				PRODUCT_BUNDLE_IDENTIFIER = "com.aaravsna.-0-MoonshotUITests";
				PRODUCT_NAME = "$(TARGET_NAME)";
				SWIFT_EMIT_LOC_STRINGS = NO;
				SWIFT_VERSION = 5.0;
				TARGETED_DEVICE_FAMILY = "1,2";
				TEST_TARGET_NAME = "10-Moonshot";
			};
			name = Release;
		};
/* End XCBuildConfiguration section */

/* Begin XCConfigurationList section */
		5CC2F3D12C158F920044E7CE /* Build configuration list for PBXProject "10-Moonshot" */ = {
			isa = XCConfigurationList;
			buildConfigurations = (
				5CC2F3F82C158F940044E7CE /* Debug */,
				5CC2F3F92C158F940044E7CE /* Release */,
			);
			defaultConfigurationIsVisible = 0;
			defaultConfigurationName = Release;
		};
		5CC2F3FA2C158F940044E7CE /* Build configuration list for PBXNativeTarget "10-Moonshot" */ = {
			isa = XCConfigurationList;
			buildConfigurations = (
				5CC2F3FB2C158F940044E7CE /* Debug */,
				5CC2F3FC2C158F940044E7CE /* Release */,
			);
			defaultConfigurationIsVisible = 0;
			defaultConfigurationName = Release;
		};
		5CC2F3FD2C158F940044E7CE /* Build configuration list for PBXNativeTarget "10-MoonshotTests" */ = {
			isa = XCConfigurationList;
			buildConfigurations = (
				5CC2F3FE2C158F940044E7CE /* Debug */,
				5CC2F3FF2C158F940044E7CE /* Release */,
			);
			defaultConfigurationIsVisible = 0;
			defaultConfigurationName = Release;
		};
		5CC2F4002C158F940044E7CE /* Build configuration list for PBXNativeTarget "10-MoonshotUITests" */ = {
			isa = XCConfigurationList;
			buildConfigurations = (
				5CC2F4012C158F940044E7CE /* Debug */,
				5CC2F4022C158F940044E7CE /* Release */,
			);
			defaultConfigurationIsVisible = 0;
			defaultConfigurationName = Release;
		};
/* End XCConfigurationList section */
	};
	rootObject = 5CC2F3CE2C158F920044E7CE /* Project object */;
}
